
Microsoft Visual Studio Solution File, Format Version 12.00
# Visual Studio 15
VisualStudioVersion = 15.0.26730.16
MinimumVisualStudioVersion = 10.0.40219.1
Project("{2150E333-8FDC-42A3-9474-1A3956D46DE8}") = "Engine", "Engine", "{FC4115E8-9C15-487B-9FAD-189BF7479C16}"
EndProject
Project("{2150E333-8FDC-42A3-9474-1A3956D46DE8}") = "Games", "Games", "{F826C04A-6978-427E-B9AB-C04762890372}"
EndProject
Project("{8BC9CEB8-8B4A-11D0-8D11-00A0C91BC942}") = "UE4", "Intermediate\ProjectFiles\UE4.vcxproj", "{ADDAFC8F-4D06-4C05-A265-931E5B19F755}"
EndProject
Project("{8BC9CEB8-8B4A-11D0-8D11-00A0C91BC942}") = "BuildingEscape", "Intermediate\ProjectFiles\BuildingEscape.vcxproj", "{CF97F96D-365D-41B1-A650-4029F074BBE7}"
EndProject
Global
	GlobalSection(SolutionConfigurationPlatforms) = preSolution
		DebugGame Editor|HTML5 = DebugGame Editor|HTML5
		DebugGame Editor|Win32 = DebugGame Editor|Win32
		DebugGame Editor|Win64 = DebugGame Editor|Win64
		DebugGame|HTML5 = DebugGame|HTML5
		DebugGame|Win32 = DebugGame|Win32
		DebugGame|Win64 = DebugGame|Win64
		Development Editor|HTML5 = Development Editor|HTML5
		Development Editor|Win32 = Development Editor|Win32
		Development Editor|Win64 = Development Editor|Win64
		Development|HTML5 = Development|HTML5
		Development|Win32 = Development|Win32
		Development|Win64 = Development|Win64
		Shipping|HTML5 = Shipping|HTML5
		Shipping|Win32 = Shipping|Win32
		Shipping|Win64 = Shipping|Win64
	EndGlobalSection
	GlobalSection(ProjectConfigurationPlatforms) = postSolution
		{ADDAFC8F-4D06-4C05-A265-931E5B19F755}.DebugGame Editor|HTML5.ActiveCfg = BuiltWithUnrealBuildTool|Win32
		{ADDAFC8F-4D06-4C05-A265-931E5B19F755}.DebugGame Editor|HTML5.Build.0 = BuiltWithUnrealBuildTool|Win32
		{ADDAFC8F-4D06-4C05-A265-931E5B19F755}.DebugGame Editor|Win32.ActiveCfg = BuiltWithUnrealBuildTool|Win32
		{ADDAFC8F-4D06-4C05-A265-931E5B19F755}.DebugGame Editor|Win32.Build.0 = BuiltWithUnrealBuildTool|Win32
		{ADDAFC8F-4D06-4C05-A265-931E5B19F755}.DebugGame Editor|Win64.ActiveCfg = BuiltWithUnrealBuildTool|Win32
		{ADDAFC8F-4D06-4C05-A265-931E5B19F755}.DebugGame Editor|Win64.Build.0 = BuiltWithUnrealBuildTool|Win32
		{ADDAFC8F-4D06-4C05-A265-931E5B19F755}.DebugGame|HTML5.ActiveCfg = BuiltWithUnrealBuildTool|Win32
		{ADDAFC8F-4D06-4C05-A265-931E5B19F755}.DebugGame|HTML5.Build.0 = BuiltWithUnrealBuildTool|Win32
		{ADDAFC8F-4D06-4C05-A265-931E5B19F755}.DebugGame|Win32.ActiveCfg = BuiltWithUnrealBuildTool|Win32
		{ADDAFC8F-4D06-4C05-A265-931E5B19F755}.DebugGame|Win32.Build.0 = BuiltWithUnrealBuildTool|Win32
		{ADDAFC8F-4D06-4C05-A265-931E5B19F755}.DebugGame|Win64.ActiveCfg = BuiltWithUnrealBuildTool|Win32
		{ADDAFC8F-4D06-4C05-A265-931E5B19F755}.DebugGame|Win64.Build.0 = BuiltWithUnrealBuildTool|Win32
		{ADDAFC8F-4D06-4C05-A265-931E5B19F755}.Development Editor|HTML5.ActiveCfg = BuiltWithUnrealBuildTool|Win32
		{ADDAFC8F-4D06-4C05-A265-931E5B19F755}.Development Editor|HTML5.Build.0 = BuiltWithUnrealBuildTool|Win32
		{ADDAFC8F-4D06-4C05-A265-931E5B19F755}.Development Editor|Win32.ActiveCfg = BuiltWithUnrealBuildTool|Win32
		{ADDAFC8F-4D06-4C05-A265-931E5B19F755}.Development Editor|Win32.Build.0 = BuiltWithUnrealBuildTool|Win32
		{ADDAFC8F-4D06-4C05-A265-931E5B19F755}.Development Editor|Win64.ActiveCfg = BuiltWithUnrealBuildTool|Win32
		{ADDAFC8F-4D06-4C05-A265-931E5B19F755}.Development Editor|Win64.Build.0 = BuiltWithUnrealBuildTool|Win32
		{ADDAFC8F-4D06-4C05-A265-931E5B19F755}.Development|HTML5.ActiveCfg = BuiltWithUnrealBuildTool|Win32
		{ADDAFC8F-4D06-4C05-A265-931E5B19F755}.Development|HTML5.Build.0 = BuiltWithUnrealBuildTool|Win32
		{ADDAFC8F-4D06-4C05-A265-931E5B19F755}.Development|Win32.ActiveCfg = BuiltWithUnrealBuildTool|Win32
		{ADDAFC8F-4D06-4C05-A265-931E5B19F755}.Development|Win32.Build.0 = BuiltWithUnrealBuildTool|Win32
		{ADDAFC8F-4D06-4C05-A265-931E5B19F755}.Development|Win64.ActiveCfg = BuiltWithUnrealBuildTool|Win32
		{ADDAFC8F-4D06-4C05-A265-931E5B19F755}.Development|Win64.Build.0 = BuiltWithUnrealBuildTool|Win32
		{ADDAFC8F-4D06-4C05-A265-931E5B19F755}.Shipping|HTML5.ActiveCfg = BuiltWithUnrealBuildTool|Win32
		{ADDAFC8F-4D06-4C05-A265-931E5B19F755}.Shipping|HTML5.Build.0 = BuiltWithUnrealBuildTool|Win32
		{ADDAFC8F-4D06-4C05-A265-931E5B19F755}.Shipping|Win32.ActiveCfg = BuiltWithUnrealBuildTool|Win32
		{ADDAFC8F-4D06-4C05-A265-931E5B19F755}.Shipping|Win32.Build.0 = BuiltWithUnrealBuildTool|Win32
		{ADDAFC8F-4D06-4C05-A265-931E5B19F755}.Shipping|Win64.ActiveCfg = BuiltWithUnrealBuildTool|Win32
		{ADDAFC8F-4D06-4C05-A265-931E5B19F755}.Shipping|Win64.Build.0 = BuiltWithUnrealBuildTool|Win32
		{CF97F96D-365D-41B1-A650-4029F074BBE7}.DebugGame Editor|HTML5.ActiveCfg = HTML5_DebugGame_Editor|Win32
		{CF97F96D-365D-41B1-A650-4029F074BBE7}.DebugGame Editor|Win32.ActiveCfg = DebugGame_Editor|Win32
		{CF97F96D-365D-41B1-A650-4029F074BBE7}.DebugGame Editor|Win64.ActiveCfg = DebugGame_Editor|x64
		{CF97F96D-365D-41B1-A650-4029F074BBE7}.DebugGame Editor|Win64.Build.0 = DebugGame_Editor|x64
		{CF97F96D-365D-41B1-A650-4029F074BBE7}.DebugGame|HTML5.ActiveCfg = HTML5_DebugGame_Game|Win32
		{CF97F96D-365D-41B1-A650-4029F074BBE7}.DebugGame|HTML5.Build.0 = HTML5_DebugGame_Game|Win32
		{CF97F96D-365D-41B1-A650-4029F074BBE7}.DebugGame|Win32.ActiveCfg = DebugGame_Game|Win32
		{CF97F96D-365D-41B1-A650-4029F074BBE7}.DebugGame|Win32.Build.0 = DebugGame_Game|Win32
		{CF97F96D-365D-41B1-A650-4029F074BBE7}.DebugGame|Win64.ActiveCfg = DebugGame_Game|x64
		{CF97F96D-365D-41B1-A650-4029F074BBE7}.DebugGame|Win64.Build.0 = DebugGame_Game|x64
		{CF97F96D-365D-41B1-A650-4029F074BBE7}.Development Editor|HTML5.ActiveCfg = HTML5_Development_Editor|Win32
		{CF97F96D-365D-41B1-A650-4029F074BBE7}.Development Editor|Win32.ActiveCfg = Development_Editor|Win32
		{CF97F96D-365D-41B1-A650-4029F074BBE7}.Development Editor|Win64.ActiveCfg = Development_Editor|x64
		{CF97F96D-365D-41B1-A650-4029F074BBE7}.Development Editor|Win64.Build.0 = Development_Editor|x64
		{CF97F96D-365D-41B1-A650-4029F074BBE7}.Development|HTML5.ActiveCfg = HTML5_Development_Game|Win32
		{CF97F96D-365D-41B1-A650-4029F074BBE7}.Development|HTML5.Build.0 = HTML5_Development_Game|Win32
		{CF97F96D-365D-41B1-A650-4029F074BBE7}.Development|Win32.ActiveCfg = Development_Game|Win32
		{CF97F96D-365D-41B1-A650-4029F074BBE7}.Development|Win32.Build.0 = Development_Game|Win32
		{CF97F96D-365D-41B1-A650-4029F074BBE7}.Development|Win64.ActiveCfg = Development_Game|x64
		{CF97F96D-365D-41B1-A650-4029F074BBE7}.Development|Win64.Build.0 = Development_Game|x64
		{CF97F96D-365D-41B1-A650-4029F074BBE7}.Shipping|HTML5.ActiveCfg = HTML5_Shipping_Game|Win32
		{CF97F96D-365D-41B1-A650-4029F074BBE7}.Shipping|HTML5.Build.0 = HTML5_Shipping_Game|Win32
		{CF97F96D-365D-41B1-A650-4029F074BBE7}.Shipping|Win32.ActiveCfg = Shipping_Game|Win32
		{CF97F96D-365D-41B1-A650-4029F074BBE7}.Shipping|Win32.Build.0 = Shipping_Game|Win32
		{CF97F96D-365D-41B1-A650-4029F074BBE7}.Shipping|Win64.ActiveCfg = Shipping_Game|x64
		{CF97F96D-365D-41B1-A650-4029F074BBE7}.Shipping|Win64.Build.0 = Shipping_Game|x64
	EndGlobalSection
	GlobalSection(SolutionProperties) = preSolution
		HideSolutionNode = FALSE
	EndGlobalSection
	GlobalSection(NestedProjects) = preSolution
		{ADDAFC8F-4D06-4C05-A265-931E5B19F755} = {FC4115E8-9C15-487B-9FAD-189BF7479C16}
		{CF97F96D-365D-41B1-A650-4029F074BBE7} = {F826C04A-6978-427E-B9AB-C04762890372}
	EndGlobalSection
	GlobalSection(ExtensibilityGlobals) = postSolution
		SolutionGuid = {5E844875-D883-4B5A-83C1-5572207EA6F6}
	EndGlobalSection
EndGlobal
